// !$*UTF8*$!
{
	archiveVersion = 1;
	classes = {
	};
	objectVersion = 50;
	objects = {

/* Begin PBXBuildFile section */
		8012CF7B2680ABED00A27BB6 /* PlaceViewController.m in Sources */ = {isa = PBXBuildFile; fileRef = 8012CF7A2680ABED00A27BB6 /* PlaceViewController.m */; };
		804045F2267F51D300676C61 /* Country.m in Sources */ = {isa = PBXBuildFile; fileRef = 804045F1267F51D300676C61 /* Country.m */; };
		804045F8267F521500676C61 /* City.m in Sources */ = {isa = PBXBuildFile; fileRef = 804045F7267F521500676C61 /* City.m */; };
		804045FB267F522C00676C61 /* Airport.m in Sources */ = {isa = PBXBuildFile; fileRef = 804045FA267F522C00676C61 /* Airport.m */; };
		80677F9F268A247C00317DF3 /* Ticket.m in Sources */ = {isa = PBXBuildFile; fileRef = 80677F9E268A247C00317DF3 /* Ticket.m */; };
		80ADFAE2268A323E00161F58 /* TicketsTableViewController.m in Sources */ = {isa = PBXBuildFile; fileRef = 80ADFAE1268A323E00161F58 /* TicketsTableViewController.m */; };
		80ADFAE6268A325C00161F58 /* TicketTableViewCell.m in Sources */ = {isa = PBXBuildFile; fileRef = 80ADFAE5268A325C00161F58 /* TicketTableViewCell.m */; };
		80AF33EF26971A6700C02AE8 /* CoreDataHelper.m in Sources */ = {isa = PBXBuildFile; fileRef = 80AF33EE26971A6700C02AE8 /* CoreDataHelper.m */; };
		80AF33F22697383E00C02AE8 /* Model.xcdatamodeld in Sources */ = {isa = PBXBuildFile; fileRef = 80AF33F02697383E00C02AE8 /* Model.xcdatamodeld */; };
		80AF33F72697390B00C02AE8 /* FavouriteTicket+CoreDataClass.m in Sources */ = {isa = PBXBuildFile; fileRef = 80AF33F52697390B00C02AE8 /* FavouriteTicket+CoreDataClass.m */; };
		80AF33F82697390B00C02AE8 /* FavouriteTicket+CoreDataProperties.m in Sources */ = {isa = PBXBuildFile; fileRef = 80AF33F62697390B00C02AE8 /* FavouriteTicket+CoreDataProperties.m */; };
		80B8949626920C9200269DB3 /* TabBarController.m in Sources */ = {isa = PBXBuildFile; fileRef = 80B8949526920C9200269DB3 /* TabBarController.m */; };
		80B904F1267F73E400ED2713 /* DataManager.m in Sources */ = {isa = PBXBuildFile; fileRef = 80B904F0267F73E400ED2713 /* DataManager.m */; };
		80D3C544268CBA7A0063490C /* LocationService.m in Sources */ = {isa = PBXBuildFile; fileRef = 80D3C543268CBA7A0063490C /* LocationService.m */; };
		80D3C548268CD1530063490C /* MapPrice.m in Sources */ = {isa = PBXBuildFile; fileRef = 80D3C547268CD1530063490C /* MapPrice.m */; };
		80D3C54C268CD62B0063490C /* cities.json in Resources */ = {isa = PBXBuildFile; fileRef = 80D3C549268CD62A0063490C /* cities.json */; };
		80D3C54D268CD62B0063490C /* countries.json in Resources */ = {isa = PBXBuildFile; fileRef = 80D3C54A268CD62B0063490C /* countries.json */; };
		80D3C54E268CD62B0063490C /* airports.json in Resources */ = {isa = PBXBuildFile; fileRef = 80D3C54B268CD62B0063490C /* airports.json */; };
		80D3C552268CD9730063490C /* MapViewController.m in Sources */ = {isa = PBXBuildFile; fileRef = 80D3C551268CD9730063490C /* MapViewController.m */; };
		80F4111B267BE4D000DF5645 /* AppDelegate.m in Sources */ = {isa = PBXBuildFile; fileRef = 80F4111A267BE4D000DF5645 /* AppDelegate.m */; };
		80F4111E267BE4D000DF5645 /* SceneDelegate.m in Sources */ = {isa = PBXBuildFile; fileRef = 80F4111D267BE4D000DF5645 /* SceneDelegate.m */; };
		80F41121267BE4D000DF5645 /* MainViewController.m in Sources */ = {isa = PBXBuildFile; fileRef = 80F41120267BE4D000DF5645 /* MainViewController.m */; };
		80F41126267BE4D300DF5645 /* Assets.xcassets in Resources */ = {isa = PBXBuildFile; fileRef = 80F41125267BE4D300DF5645 /* Assets.xcassets */; };
		80F41129267BE4D300DF5645 /* LaunchScreen.storyboard in Resources */ = {isa = PBXBuildFile; fileRef = 80F41127267BE4D300DF5645 /* LaunchScreen.storyboard */; };
		80F4112C267BE4D300DF5645 /* main.m in Sources */ = {isa = PBXBuildFile; fileRef = 80F4112B267BE4D300DF5645 /* main.m */; };
		80F860832688ED3D004C9A3A /* APIManager.m in Sources */ = {isa = PBXBuildFile; fileRef = 80F860822688ED3D004C9A3A /* APIManager.m */; };
/* End PBXBuildFile section */

/* Begin PBXFileReference section */
		8012CF792680ABED00A27BB6 /* PlaceViewController.h */ = {isa = PBXFileReference; lastKnownFileType = sourcecode.c.h; path = PlaceViewController.h; sourceTree = "<group>"; };
		8012CF7A2680ABED00A27BB6 /* PlaceViewController.m */ = {isa = PBXFileReference; lastKnownFileType = sourcecode.c.objc; path = PlaceViewController.m; sourceTree = "<group>"; };
		804045F0267F51D300676C61 /* Country.h */ = {isa = PBXFileReference; lastKnownFileType = sourcecode.c.h; path = Country.h; sourceTree = "<group>"; };
		804045F1267F51D300676C61 /* Country.m */ = {isa = PBXFileReference; lastKnownFileType = sourcecode.c.objc; path = Country.m; sourceTree = "<group>"; };
		804045F6267F521500676C61 /* City.h */ = {isa = PBXFileReference; lastKnownFileType = sourcecode.c.h; path = City.h; sourceTree = "<group>"; };
		804045F7267F521500676C61 /* City.m */ = {isa = PBXFileReference; lastKnownFileType = sourcecode.c.objc; path = City.m; sourceTree = "<group>"; };
		804045F9267F522C00676C61 /* Airport.h */ = {isa = PBXFileReference; lastKnownFileType = sourcecode.c.h; path = Airport.h; sourceTree = "<group>"; };
		804045FA267F522C00676C61 /* Airport.m */ = {isa = PBXFileReference; lastKnownFileType = sourcecode.c.objc; path = Airport.m; sourceTree = "<group>"; };
		80677F9D268A247C00317DF3 /* Ticket.h */ = {isa = PBXFileReference; lastKnownFileType = sourcecode.c.h; path = Ticket.h; sourceTree = "<group>"; };
		80677F9E268A247C00317DF3 /* Ticket.m */ = {isa = PBXFileReference; lastKnownFileType = sourcecode.c.objc; path = Ticket.m; sourceTree = "<group>"; };
		80ADFAE0268A323E00161F58 /* TicketsTableViewController.h */ = {isa = PBXFileReference; lastKnownFileType = sourcecode.c.h; path = TicketsTableViewController.h; sourceTree = "<group>"; };
		80ADFAE1268A323E00161F58 /* TicketsTableViewController.m */ = {isa = PBXFileReference; lastKnownFileType = sourcecode.c.objc; path = TicketsTableViewController.m; sourceTree = "<group>"; };
		80ADFAE4268A325C00161F58 /* TicketTableViewCell.h */ = {isa = PBXFileReference; lastKnownFileType = sourcecode.c.h; path = TicketTableViewCell.h; sourceTree = "<group>"; };
		80ADFAE5268A325C00161F58 /* TicketTableViewCell.m */ = {isa = PBXFileReference; lastKnownFileType = sourcecode.c.objc; path = TicketTableViewCell.m; sourceTree = "<group>"; };
		80AF33ED26971A6700C02AE8 /* CoreDataHelper.h */ = {isa = PBXFileReference; lastKnownFileType = sourcecode.c.h; path = CoreDataHelper.h; sourceTree = "<group>"; };
		80AF33EE26971A6700C02AE8 /* CoreDataHelper.m */ = {isa = PBXFileReference; lastKnownFileType = sourcecode.c.objc; path = CoreDataHelper.m; sourceTree = "<group>"; };
		80AF33F12697383E00C02AE8 /* Model.xcdatamodel */ = {isa = PBXFileReference; lastKnownFileType = wrapper.xcdatamodel; path = Model.xcdatamodel; sourceTree = "<group>"; };
		80AF33F32697390B00C02AE8 /* FavouriteTicket+CoreDataProperties.h */ = {isa = PBXFileReference; lastKnownFileType = sourcecode.c.h; path = "FavouriteTicket+CoreDataProperties.h"; sourceTree = "<group>"; };
		80AF33F42697390B00C02AE8 /* FavouriteTicket+CoreDataClass.h */ = {isa = PBXFileReference; lastKnownFileType = sourcecode.c.h; path = "FavouriteTicket+CoreDataClass.h"; sourceTree = "<group>"; };
		80AF33F52697390B00C02AE8 /* FavouriteTicket+CoreDataClass.m */ = {isa = PBXFileReference; lastKnownFileType = sourcecode.c.objc; path = "FavouriteTicket+CoreDataClass.m"; sourceTree = "<group>"; };
		80AF33F62697390B00C02AE8 /* FavouriteTicket+CoreDataProperties.m */ = {isa = PBXFileReference; lastKnownFileType = sourcecode.c.objc; path = "FavouriteTicket+CoreDataProperties.m"; sourceTree = "<group>"; };
		80B8949426920C9200269DB3 /* TabBarController.h */ = {isa = PBXFileReference; lastKnownFileType = sourcecode.c.h; path = TabBarController.h; sourceTree = "<group>"; };
		80B8949526920C9200269DB3 /* TabBarController.m */ = {isa = PBXFileReference; lastKnownFileType = sourcecode.c.objc; path = TabBarController.m; sourceTree = "<group>"; };
		80B904EF267F73E400ED2713 /* DataManager.h */ = {isa = PBXFileReference; lastKnownFileType = sourcecode.c.h; path = DataManager.h; sourceTree = "<group>"; };
		80B904F0267F73E400ED2713 /* DataManager.m */ = {isa = PBXFileReference; lastKnownFileType = sourcecode.c.objc; path = DataManager.m; sourceTree = "<group>"; };
		80D3C542268CBA7A0063490C /* LocationService.h */ = {isa = PBXFileReference; lastKnownFileType = sourcecode.c.h; path = LocationService.h; sourceTree = "<group>"; };
		80D3C543268CBA7A0063490C /* LocationService.m */ = {isa = PBXFileReference; lastKnownFileType = sourcecode.c.objc; path = LocationService.m; sourceTree = "<group>"; };
		80D3C546268CD1530063490C /* MapPrice.h */ = {isa = PBXFileReference; lastKnownFileType = sourcecode.c.h; path = MapPrice.h; sourceTree = "<group>"; };
		80D3C547268CD1530063490C /* MapPrice.m */ = {isa = PBXFileReference; lastKnownFileType = sourcecode.c.objc; path = MapPrice.m; sourceTree = "<group>"; };
		80D3C549268CD62A0063490C /* cities.json */ = {isa = PBXFileReference; fileEncoding = 4; lastKnownFileType = text.json; path = cities.json; sourceTree = "<group>"; };
		80D3C54A268CD62B0063490C /* countries.json */ = {isa = PBXFileReference; fileEncoding = 4; lastKnownFileType = text.json; path = countries.json; sourceTree = "<group>"; };
		80D3C54B268CD62B0063490C /* airports.json */ = {isa = PBXFileReference; fileEncoding = 4; lastKnownFileType = text.json; path = airports.json; sourceTree = "<group>"; };
		80D3C550268CD9730063490C /* MapViewController.h */ = {isa = PBXFileReference; lastKnownFileType = sourcecode.c.h; path = MapViewController.h; sourceTree = "<group>"; };
		80D3C551268CD9730063490C /* MapViewController.m */ = {isa = PBXFileReference; lastKnownFileType = sourcecode.c.objc; path = MapViewController.m; sourceTree = "<group>"; };
		80F41116267BE4D000DF5645 /* GBAvia.app */ = {isa = PBXFileReference; explicitFileType = wrapper.application; includeInIndex = 0; path = GBAvia.app; sourceTree = BUILT_PRODUCTS_DIR; };
		80F41119267BE4D000DF5645 /* AppDelegate.h */ = {isa = PBXFileReference; lastKnownFileType = sourcecode.c.h; path = AppDelegate.h; sourceTree = "<group>"; };
		80F4111A267BE4D000DF5645 /* AppDelegate.m */ = {isa = PBXFileReference; lastKnownFileType = sourcecode.c.objc; path = AppDelegate.m; sourceTree = "<group>"; };
		80F4111C267BE4D000DF5645 /* SceneDelegate.h */ = {isa = PBXFileReference; lastKnownFileType = sourcecode.c.h; path = SceneDelegate.h; sourceTree = "<group>"; };
		80F4111D267BE4D000DF5645 /* SceneDelegate.m */ = {isa = PBXFileReference; lastKnownFileType = sourcecode.c.objc; path = SceneDelegate.m; sourceTree = "<group>"; };
		80F4111F267BE4D000DF5645 /* MainViewController.h */ = {isa = PBXFileReference; lastKnownFileType = sourcecode.c.h; path = MainViewController.h; sourceTree = "<group>"; };
		80F41120267BE4D000DF5645 /* MainViewController.m */ = {isa = PBXFileReference; lastKnownFileType = sourcecode.c.objc; path = MainViewController.m; sourceTree = "<group>"; };
		80F41125267BE4D300DF5645 /* Assets.xcassets */ = {isa = PBXFileReference; lastKnownFileType = folder.assetcatalog; path = Assets.xcassets; sourceTree = "<group>"; };
		80F41128267BE4D300DF5645 /* Base */ = {isa = PBXFileReference; lastKnownFileType = file.storyboard; name = Base; path = Base.lproj/LaunchScreen.storyboard; sourceTree = "<group>"; };
		80F4112A267BE4D300DF5645 /* Info.plist */ = {isa = PBXFileReference; lastKnownFileType = text.plist.xml; path = Info.plist; sourceTree = "<group>"; };
		80F4112B267BE4D300DF5645 /* main.m */ = {isa = PBXFileReference; lastKnownFileType = sourcecode.c.objc; path = main.m; sourceTree = "<group>"; };
		80F860812688ED3D004C9A3A /* APIManager.h */ = {isa = PBXFileReference; lastKnownFileType = sourcecode.c.h; path = APIManager.h; sourceTree = "<group>"; };
		80F860822688ED3D004C9A3A /* APIManager.m */ = {isa = PBXFileReference; lastKnownFileType = sourcecode.c.objc; path = APIManager.m; sourceTree = "<group>"; };
/* End PBXFileReference section */

/* Begin PBXFrameworksBuildPhase section */
		80F41113267BE4D000DF5645 /* Frameworks */ = {
			isa = PBXFrameworksBuildPhase;
			buildActionMask = 2147483647;
			files = (
			);
			runOnlyForDeploymentPostprocessing = 0;
		};
/* End PBXFrameworksBuildPhase section */

/* Begin PBXGroup section */
		8012CF782680ABBB00A27BB6 /* PlaceViewController */ = {
			isa = PBXGroup;
			children = (
				8012CF792680ABED00A27BB6 /* PlaceViewController.h */,
				8012CF7A2680ABED00A27BB6 /* PlaceViewController.m */,
			);
			path = PlaceViewController;
			sourceTree = "<group>";
		};
		803BF9B8267F812F0099301F /* JSONs */ = {
			isa = PBXGroup;
			children = (
				80D3C54B268CD62B0063490C /* airports.json */,
				80D3C549268CD62A0063490C /* cities.json */,
				80D3C54A268CD62B0063490C /* countries.json */,
			);
			path = JSONs;
			sourceTree = "<group>";
		};
		804045EF267F519F00676C61 /* Model */ = {
			isa = PBXGroup;
			children = (
				80D3C545268CD10B0063490C /* MapPrice */,
				80677F9C268A242E00317DF3 /* Ticket */,
				804045F3267F51D900676C61 /* Country */,
				804045F5267F51F000676C61 /* City */,
				804045F4267F51E300676C61 /* Airport */,
			);
			path = Model;
			sourceTree = "<group>";
		};
		804045F3267F51D900676C61 /* Country */ = {
			isa = PBXGroup;
			children = (
				804045F0267F51D300676C61 /* Country.h */,
				804045F1267F51D300676C61 /* Country.m */,
			);
			path = Country;
			sourceTree = "<group>";
		};
		804045F4267F51E300676C61 /* Airport */ = {
			isa = PBXGroup;
			children = (
				804045F9267F522C00676C61 /* Airport.h */,
				804045FA267F522C00676C61 /* Airport.m */,
			);
			path = Airport;
			sourceTree = "<group>";
		};
		804045F5267F51F000676C61 /* City */ = {
			isa = PBXGroup;
			children = (
				804045F6267F521500676C61 /* City.h */,
				804045F7267F521500676C61 /* City.m */,
			);
			path = City;
			sourceTree = "<group>";
		};
		80677F9C268A242E00317DF3 /* Ticket */ = {
			isa = PBXGroup;
			children = (
				80677F9D268A247C00317DF3 /* Ticket.h */,
				80677F9E268A247C00317DF3 /* Ticket.m */,
			);
			path = Ticket;
			sourceTree = "<group>";
		};
		80ADFADF268A321600161F58 /* TicketsViewController */ = {
			isa = PBXGroup;
			children = (
				80ADFAE3268A324200161F58 /* Cell */,
				80ADFAE0268A323E00161F58 /* TicketsTableViewController.h */,
				80ADFAE1268A323E00161F58 /* TicketsTableViewController.m */,
			);
			path = TicketsViewController;
			sourceTree = "<group>";
		};
		80ADFAE3268A324200161F58 /* Cell */ = {
			isa = PBXGroup;
			children = (
				80ADFAE4268A325C00161F58 /* TicketTableViewCell.h */,
				80ADFAE5268A325C00161F58 /* TicketTableViewCell.m */,
			);
			path = Cell;
			sourceTree = "<group>";
		};
		80ADFAE7268A3A6200161F58 /* Controllers */ = {
			isa = PBXGroup;
			children = (
				80B8949326920C2900269DB3 /* TapBarController */,
				80D3C54F268CD8F40063490C /* MapViewController */,
				80ADFAE8268A3A7500161F58 /* MainViewController */,
				80ADFADF268A321600161F58 /* TicketsViewController */,
				8012CF782680ABBB00A27BB6 /* PlaceViewController */,
			);
			path = Controllers;
			sourceTree = "<group>";
		};
		80ADFAE8268A3A7500161F58 /* MainViewController */ = {
			isa = PBXGroup;
			children = (
				80F4111F267BE4D000DF5645 /* MainViewController.h */,
				80F41120267BE4D000DF5645 /* MainViewController.m */,
			);
			path = MainViewController;
			sourceTree = "<group>";
		};
		80AF33EC26971A3900C02AE8 /* CoreData */ = {
			isa = PBXGroup;
			children = (
				80AF33F92697391400C02AE8 /* ManagedObject */,
				80AF33F02697383E00C02AE8 /* Model.xcdatamodeld */,
				80AF33ED26971A6700C02AE8 /* CoreDataHelper.h */,
				80AF33EE26971A6700C02AE8 /* CoreDataHelper.m */,
			);
			path = CoreData;
			sourceTree = "<group>";
		};
		80AF33F92697391400C02AE8 /* ManagedObject */ = {
			isa = PBXGroup;
			children = (
				80AF33F32697390B00C02AE8 /* FavouriteTicket+CoreDataProperties.h */,
				80AF33F42697390B00C02AE8 /* FavouriteTicket+CoreDataClass.h */,
				80AF33F52697390B00C02AE8 /* FavouriteTicket+CoreDataClass.m */,
				80AF33F62697390B00C02AE8 /* FavouriteTicket+CoreDataProperties.m */,
			);
			path = ManagedObject;
			sourceTree = "<group>";
		};
		80B8949326920C2900269DB3 /* TapBarController */ = {
			isa = PBXGroup;
			children = (
				80B8949426920C9200269DB3 /* TabBarController.h */,
				80B8949526920C9200269DB3 /* TabBarController.m */,
			);
			path = TapBarController;
			sourceTree = "<group>";
		};
		80B904EE267F73C900ED2713 /* DataManager */ = {
			isa = PBXGroup;
			children = (
				80B904EF267F73E400ED2713 /* DataManager.h */,
				80B904F0267F73E400ED2713 /* DataManager.m */,
			);
			path = DataManager;
			sourceTree = "<group>";
		};
		80D3C545268CD10B0063490C /* MapPrice */ = {
			isa = PBXGroup;
			children = (
				80D3C546268CD1530063490C /* MapPrice.h */,
				80D3C547268CD1530063490C /* MapPrice.m */,
			);
			path = MapPrice;
			sourceTree = "<group>";
		};
		80D3C54F268CD8F40063490C /* MapViewController */ = {
			isa = PBXGroup;
			children = (
				80D3C550268CD9730063490C /* MapViewController.h */,
				80D3C551268CD9730063490C /* MapViewController.m */,
			);
			path = MapViewController;
			sourceTree = "<group>";
		};
		80F4110D267BE4D000DF5645 = {
			isa = PBXGroup;
			children = (
				80F41118267BE4D000DF5645 /* GBAvia */,
				80F41117267BE4D000DF5645 /* Products */,
			);
			sourceTree = "<group>";
		};
		80F41117267BE4D000DF5645 /* Products */ = {
			isa = PBXGroup;
			children = (
				80F41116267BE4D000DF5645 /* GBAvia.app */,
			);
			name = Products;
			sourceTree = "<group>";
		};
		80F41118267BE4D000DF5645 /* GBAvia */ = {
			isa = PBXGroup;
			children = (
				80AF33EC26971A3900C02AE8 /* CoreData */,
				80ADFAE7268A3A6200161F58 /* Controllers */,
				80F860802688ED27004C9A3A /* Service */,
				803BF9B8267F812F0099301F /* JSONs */,
				80B904EE267F73C900ED2713 /* DataManager */,
				804045EF267F519F00676C61 /* Model */,
				80F41119267BE4D000DF5645 /* AppDelegate.h */,
				80F4111A267BE4D000DF5645 /* AppDelegate.m */,
				80F4111C267BE4D000DF5645 /* SceneDelegate.h */,
				80F4111D267BE4D000DF5645 /* SceneDelegate.m */,
				80F41125267BE4D300DF5645 /* Assets.xcassets */,
				80F41127267BE4D300DF5645 /* LaunchScreen.storyboard */,
				80F4112A267BE4D300DF5645 /* Info.plist */,
				80F4112B267BE4D300DF5645 /* main.m */,
			);
			path = GBAvia;
			sourceTree = "<group>";
		};
		80F860802688ED27004C9A3A /* Service */ = {
			isa = PBXGroup;
			children = (
				80F860812688ED3D004C9A3A /* APIManager.h */,
				80F860822688ED3D004C9A3A /* APIManager.m */,
				80D3C542268CBA7A0063490C /* LocationService.h */,
				80D3C543268CBA7A0063490C /* LocationService.m */,
			);
			path = Service;
			sourceTree = "<group>";
		};
/* End PBXGroup section */

/* Begin PBXNativeTarget section */
		80F41115267BE4D000DF5645 /* GBAvia */ = {
			isa = PBXNativeTarget;
			buildConfigurationList = 80F4112F267BE4D300DF5645 /* Build configuration list for PBXNativeTarget "GBAvia" */;
			buildPhases = (
				80F41112267BE4D000DF5645 /* Sources */,
				80F41113267BE4D000DF5645 /* Frameworks */,
				80F41114267BE4D000DF5645 /* Resources */,
			);
			buildRules = (
			);
			dependencies = (
			);
			name = GBAvia;
			productName = GBAvia;
			productReference = 80F41116267BE4D000DF5645 /* GBAvia.app */;
			productType = "com.apple.product-type.application";
		};
/* End PBXNativeTarget section */

/* Begin PBXProject section */
		80F4110E267BE4D000DF5645 /* Project object */ = {
			isa = PBXProject;
			attributes = {
				LastUpgradeCheck = 1250;
				TargetAttributes = {
					80F41115267BE4D000DF5645 = {
						CreatedOnToolsVersion = 12.5;
						LastSwiftMigration = 1250;
					};
				};
			};
			buildConfigurationList = 80F41111267BE4D000DF5645 /* Build configuration list for PBXProject "GBAvia" */;
			compatibilityVersion = "Xcode 9.3";
			developmentRegion = en;
			hasScannedForEncodings = 0;
			knownRegions = (
				en,
				Base,
			);
			mainGroup = 80F4110D267BE4D000DF5645;
			productRefGroup = 80F41117267BE4D000DF5645 /* Products */;
			projectDirPath = "";
			projectRoot = "";
			targets = (
				80F41115267BE4D000DF5645 /* GBAvia */,
			);
		};
/* End PBXProject section */

/* Begin PBXResourcesBuildPhase section */
		80F41114267BE4D000DF5645 /* Resources */ = {
			isa = PBXResourcesBuildPhase;
			buildActionMask = 2147483647;
			files = (
				80D3C54C268CD62B0063490C /* cities.json in Resources */,
				80F41129267BE4D300DF5645 /* LaunchScreen.storyboard in Resources */,
				80D3C54D268CD62B0063490C /* countries.json in Resources */,
				80F41126267BE4D300DF5645 /* Assets.xcassets in Resources */,
				80D3C54E268CD62B0063490C /* airports.json in Resources */,
			);
			runOnlyForDeploymentPostprocessing = 0;
		};
/* End PBXResourcesBuildPhase section */

/* Begin PBXSourcesBuildPhase section */
		80F41112267BE4D000DF5645 /* Sources */ = {
			isa = PBXSourcesBuildPhase;
			buildActionMask = 2147483647;
			files = (
				80ADFAE6268A325C00161F58 /* TicketTableViewCell.m in Sources */,
				8012CF7B2680ABED00A27BB6 /* PlaceViewController.m in Sources */,
				80F41121267BE4D000DF5645 /* MainViewController.m in Sources */,
				80AF33F72697390B00C02AE8 /* FavouriteTicket+CoreDataClass.m in Sources */,
				80F4111B267BE4D000DF5645 /* AppDelegate.m in Sources */,
				804045FB267F522C00676C61 /* Airport.m in Sources */,
				80F860832688ED3D004C9A3A /* APIManager.m in Sources */,
				80AF33EF26971A6700C02AE8 /* CoreDataHelper.m in Sources */,
				804045F8267F521500676C61 /* City.m in Sources */,
				80F4112C267BE4D300DF5645 /* main.m in Sources */,
				80B904F1267F73E400ED2713 /* DataManager.m in Sources */,
				80D3C548268CD1530063490C /* MapPrice.m in Sources */,
				80677F9F268A247C00317DF3 /* Ticket.m in Sources */,
				80D3C552268CD9730063490C /* MapViewController.m in Sources */,
				80AF33F82697390B00C02AE8 /* FavouriteTicket+CoreDataProperties.m in Sources */,
				80F4111E267BE4D000DF5645 /* SceneDelegate.m in Sources */,
				80ADFAE2268A323E00161F58 /* TicketsTableViewController.m in Sources */,
				80B8949626920C9200269DB3 /* TabBarController.m in Sources */,
				80D3C544268CBA7A0063490C /* LocationService.m in Sources */,
				80AF33F22697383E00C02AE8 /* Model.xcdatamodeld in Sources */,
				804045F2267F51D300676C61 /* Country.m in Sources */,
			);
			runOnlyForDeploymentPostprocessing = 0;
		};
/* End PBXSourcesBuildPhase section */

/* Begin PBXVariantGroup section */
		80F41127267BE4D300DF5645 /* LaunchScreen.storyboard */ = {
			isa = PBXVariantGroup;
			children = (
				80F41128267BE4D300DF5645 /* Base */,
			);
			name = LaunchScreen.storyboard;
			sourceTree = "<group>";
		};
/* End PBXVariantGroup section */

/* Begin XCBuildConfiguration section */
		80F4112D267BE4D300DF5645 /* Debug */ = {
			isa = XCBuildConfiguration;
			buildSettings = {
				ALWAYS_SEARCH_USER_PATHS = NO;
				CLANG_ANALYZER_NONNULL = YES;
				CLANG_ANALYZER_NUMBER_OBJECT_CONVERSION = YES_AGGRESSIVE;
				CLANG_CXX_LANGUAGE_STANDARD = "gnu++14";
				CLANG_CXX_LIBRARY = "libc++";
				CLANG_ENABLE_MODULES = YES;
				CLANG_ENABLE_OBJC_ARC = YES;
				CLANG_ENABLE_OBJC_WEAK = YES;
				CLANG_WARN_BLOCK_CAPTURE_AUTORELEASING = YES;
				CLANG_WARN_BOOL_CONVERSION = YES;
				CLANG_WARN_COMMA = YES;
				CLANG_WARN_CONSTANT_CONVERSION = YES;
				CLANG_WARN_DEPRECATED_OBJC_IMPLEMENTATIONS = YES;
				CLANG_WARN_DIRECT_OBJC_ISA_USAGE = YES_ERROR;
				CLANG_WARN_DOCUMENTATION_COMMENTS = YES;
				CLANG_WARN_EMPTY_BODY = YES;
				CLANG_WARN_ENUM_CONVERSION = YES;
				CLANG_WARN_INFINITE_RECURSION = YES;
				CLANG_WARN_INT_CONVERSION = YES;
				CLANG_WARN_NON_LITERAL_NULL_CONVERSION = YES;
				CLANG_WARN_OBJC_IMPLICIT_RETAIN_SELF = YES;
				CLANG_WARN_OBJC_LITERAL_CONVERSION = YES;
				CLANG_WARN_OBJC_ROOT_CLASS = YES_ERROR;
				CLANG_WARN_QUOTED_INCLUDE_IN_FRAMEWORK_HEADER = YES;
				CLANG_WARN_RANGE_LOOP_ANALYSIS = YES;
				CLANG_WARN_STRICT_PROTOTYPES = YES;
				CLANG_WARN_SUSPICIOUS_MOVE = YES;
				CLANG_WARN_UNGUARDED_AVAILABILITY = YES_AGGRESSIVE;
				CLANG_WARN_UNREACHABLE_CODE = YES;
				CLANG_WARN__DUPLICATE_METHOD_MATCH = YES;
				COPY_PHASE_STRIP = NO;
				DEBUG_INFORMATION_FORMAT = dwarf;
				ENABLE_STRICT_OBJC_MSGSEND = YES;
				ENABLE_TESTABILITY = YES;
				GCC_C_LANGUAGE_STANDARD = gnu11;
				GCC_DYNAMIC_NO_PIC = NO;
				GCC_NO_COMMON_BLOCKS = YES;
				GCC_OPTIMIZATION_LEVEL = 0;
				GCC_PREPROCESSOR_DEFINITIONS = (
					"DEBUG=1",
					"$(inherited)",
				);
				GCC_WARN_64_TO_32_BIT_CONVERSION = YES;
				GCC_WARN_ABOUT_RETURN_TYPE = YES_ERROR;
				GCC_WARN_UNDECLARED_SELECTOR = YES;
				GCC_WARN_UNINITIALIZED_AUTOS = YES_AGGRESSIVE;
				GCC_WARN_UNUSED_FUNCTION = YES;
				GCC_WARN_UNUSED_VARIABLE = YES;
				IPHONEOS_DEPLOYMENT_TARGET = 14.5;
				MTL_ENABLE_DEBUG_INFO = INCLUDE_SOURCE;
				MTL_FAST_MATH = YES;
				ONLY_ACTIVE_ARCH = YES;
				SDKROOT = iphoneos;
			};
			name = Debug;
		};
		80F4112E267BE4D300DF5645 /* Release */ = {
			isa = XCBuildConfiguration;
			buildSettings = {
				ALWAYS_SEARCH_USER_PATHS = NO;
				CLANG_ANALYZER_NONNULL = YES;
				CLANG_ANALYZER_NUMBER_OBJECT_CONVERSION = YES_AGGRESSIVE;
				CLANG_CXX_LANGUAGE_STANDARD = "gnu++14";
				CLANG_CXX_LIBRARY = "libc++";
				CLANG_ENABLE_MODULES = YES;
				CLANG_ENABLE_OBJC_ARC = YES;
				CLANG_ENABLE_OBJC_WEAK = YES;
				CLANG_WARN_BLOCK_CAPTURE_AUTORELEASING = YES;
				CLANG_WARN_BOOL_CONVERSION = YES;
				CLANG_WARN_COMMA = YES;
				CLANG_WARN_CONSTANT_CONVERSION = YES;
				CLANG_WARN_DEPRECATED_OBJC_IMPLEMENTATIONS = YES;
				CLANG_WARN_DIRECT_OBJC_ISA_USAGE = YES_ERROR;
				CLANG_WARN_DOCUMENTATION_COMMENTS = YES;
				CLANG_WARN_EMPTY_BODY = YES;
				CLANG_WARN_ENUM_CONVERSION = YES;
				CLANG_WARN_INFINITE_RECURSION = YES;
				CLANG_WARN_INT_CONVERSION = YES;
				CLANG_WARN_NON_LITERAL_NULL_CONVERSION = YES;
				CLANG_WARN_OBJC_IMPLICIT_RETAIN_SELF = YES;
				CLANG_WARN_OBJC_LITERAL_CONVERSION = YES;
				CLANG_WARN_OBJC_ROOT_CLASS = YES_ERROR;
				CLANG_WARN_QUOTED_INCLUDE_IN_FRAMEWORK_HEADER = YES;
				CLANG_WARN_RANGE_LOOP_ANALYSIS = YES;
				CLANG_WARN_STRICT_PROTOTYPES = YES;
				CLANG_WARN_SUSPICIOUS_MOVE = YES;
				CLANG_WARN_UNGUARDED_AVAILABILITY = YES_AGGRESSIVE;
				CLANG_WARN_UNREACHABLE_CODE = YES;
				CLANG_WARN__DUPLICATE_METHOD_MATCH = YES;
				COPY_PHASE_STRIP = NO;
				DEBUG_INFORMATION_FORMAT = "dwarf-with-dsym";
				ENABLE_NS_ASSERTIONS = NO;
				ENABLE_STRICT_OBJC_MSGSEND = YES;
				GCC_C_LANGUAGE_STANDARD = gnu11;
				GCC_NO_COMMON_BLOCKS = YES;
				GCC_WARN_64_TO_32_BIT_CONVERSION = YES;
				GCC_WARN_ABOUT_RETURN_TYPE = YES_ERROR;
				GCC_WARN_UNDECLARED_SELECTOR = YES;
				GCC_WARN_UNINITIALIZED_AUTOS = YES_AGGRESSIVE;
				GCC_WARN_UNUSED_FUNCTION = YES;
				GCC_WARN_UNUSED_VARIABLE = YES;
				IPHONEOS_DEPLOYMENT_TARGET = 14.5;
				MTL_ENABLE_DEBUG_INFO = NO;
				MTL_FAST_MATH = YES;
				SDKROOT = iphoneos;
				VALIDATE_PRODUCT = YES;
			};
			name = Release;
		};
		80F41130267BE4D300DF5645 /* Debug */ = {
			isa = XCBuildConfiguration;
			buildSettings = {
				ASSETCATALOG_COMPILER_APPICON_NAME = AppIcon;
				ASSETCATALOG_COMPILER_GLOBAL_ACCENT_COLOR_NAME = AccentColor;
				CLANG_ENABLE_MODULES = YES;
				CODE_SIGN_STYLE = Automatic;
				DEVELOPMENT_TEAM = 8SFYUBPZ6J;
				INFOPLIST_FILE = GBAvia/Info.plist;
				LD_RUNPATH_SEARCH_PATHS = (
					"$(inherited)",
					"@executable_path/Frameworks",
				);
				PRODUCT_BUNDLE_IDENTIFIER = com.ns.GBAvia;
				PRODUCT_NAME = "$(TARGET_NAME)";
				SWIFT_OPTIMIZATION_LEVEL = "-Onone";
				SWIFT_VERSION = 5.0;
				TARGETED_DEVICE_FAMILY = "1,2";
			};
			name = Debug;
		};
		80F41131267BE4D300DF5645 /* Release */ = {
			isa = XCBuildConfiguration;
			buildSettings = {
				ASSETCATALOG_COMPILER_APPICON_NAME = AppIcon;
				ASSETCATALOG_COMPILER_GLOBAL_ACCENT_COLOR_NAME = AccentColor;
				CLANG_ENABLE_MODULES = YES;
				CODE_SIGN_STYLE = Automatic;
				DEVELOPMENT_TEAM = 8SFYUBPZ6J;
				INFOPLIST_FILE = GBAvia/Info.plist;
				LD_RUNPATH_SEARCH_PATHS = (
					"$(inherited)",
					"@executable_path/Frameworks",
				);
				PRODUCT_BUNDLE_IDENTIFIER = com.ns.GBAvia;
				PRODUCT_NAME = "$(TARGET_NAME)";
				SWIFT_VERSION = 5.0;
				TARGETED_DEVICE_FAMILY = "1,2";
			};
			name = Release;
		};
/* End XCBuildConfiguration section */

/* Begin XCConfigurationList section */
		80F41111267BE4D000DF5645 /* Build configuration list for PBXProject "GBAvia" */ = {
			isa = XCConfigurationList;
			buildConfigurations = (
				80F4112D267BE4D300DF5645 /* Debug */,
				80F4112E267BE4D300DF5645 /* Release */,
			);
			defaultConfigurationIsVisible = 0;
			defaultConfigurationName = Release;
		};
		80F4112F267BE4D300DF5645 /* Build configuration list for PBXNativeTarget "GBAvia" */ = {
			isa = XCConfigurationList;
			buildConfigurations = (
				80F41130267BE4D300DF5645 /* Debug */,
				80F41131267BE4D300DF5645 /* Release */,
			);
			defaultConfigurationIsVisible = 0;
			defaultConfigurationName = Release;
		};
/* End XCConfigurationList section */

/* Begin XCVersionGroup section */
		80AF33F02697383E00C02AE8 /* Model.xcdatamodeld */ = {
			isa = XCVersionGroup;
			children = (
				80AF33F12697383E00C02AE8 /* Model.xcdatamodel */,
			);
			currentVersion = 80AF33F12697383E00C02AE8 /* Model.xcdatamodel */;
			name = Model.xcdatamodeld;
			path = ../../Model.xcdatamodeld;
			sourceTree = "<group>";
			versionGroupType = wrapper.xcdatamodel;
		};
/* End XCVersionGroup section */
	};
	rootObject = 80F4110E267BE4D000DF5645 /* Project object */;
}
